
Microsoft Visual Studio Solution File, Format Version 12.00
# Visual Studio Version 17
VisualStudioVersion = 17.5.33424.131
MinimumVisualStudioVersion = 10.0.40219.1
Project("{FAE04EC0-301F-11D3-BF4B-00C04F79EFBC}") = "Konane", "Konane\Konane.csproj", "{0B023A03-74AC-4B42-BD9C-65B7AA19A816}"
EndProject
Project("{2150E333-8FDC-42A3-9474-1A3956D46DE8}") = "Solution Items", "Solution Items", "{20EF8E44-3E36-4164-B824-7933648C92BC}"
	ProjectSection(SolutionItems) = preProject
		docker-compose.yml = docker-compose.yml
	EndProjectSection
EndProject
Global
	GlobalSection(SolutionConfigurationPlatforms) = preSolution
		Debug|Any CPU = Debug|Any CPU
		Release|Any CPU = Release|Any CPU
	EndGlobalSection
	GlobalSection(ProjectConfigurationPlatforms) = postSolution
		{0B023A03-74AC-4B42-BD9C-65B7AA19A816}.Debug|Any CPU.ActiveCfg = Debug|Any CPU
		{0B023A03-74AC-4B42-BD9C-65B7AA19A816}.Debug|Any CPU.Build.0 = Debug|Any CPU
		{0B023A03-74AC-4B42-BD9C-65B7AA19A816}.Release|Any CPU.ActiveCfg = Release|Any CPU
		{0B023A03-74AC-4B42-BD9C-65B7AA19A816}.Release|Any CPU.Build.0 = Release|Any CPU
	EndGlobalSection
	GlobalSection(SolutionProperties) = preSolution
		HideSolutionNode = FALSE
	EndGlobalSection
	GlobalSection(ExtensibilityGlobals) = postSolution
		SolutionGuid = {E5E73321-FAE2-4036-8C24-BB9EC9C36416}
	EndGlobalSection
EndGlobal
